{
  "object": {
    "pins": [
      {
        "package": "ExceptionCatcher",
        "repositoryURL": "https://github.com/sindresorhus/ExceptionCatcher",
        "state": {
          "branch": null,
          "revision": "9d99a736e17f67ab3aa333c0dad7ed2ee9d6b2b9",
          "version": "2.0.0"
        }
      },
      {
        "package": "PHTCommon",
        "repositoryURL": "https://github.com/TextsHQ/PHTCommon.git",
        "state": {
          "branch": "main",
          "revision": "a9752c32cccc967df5929cd8cc68cd5e122c431e",
          "version": null
        }
      }
    ]
  },
  "version": 1
}
